
Microsoft Visual Studio Solution File, Format Version 12.00
# Visual Studio Version 16
VisualStudioVersion = 16.0.29911.84
MinimumVisualStudioVersion = 10.0.40219.1
Project("{FAE04EC0-301F-11D3-BF4B-00C04F79EFBC}") = "Chapter3", "Chapter3\Chapter3.csproj", "{21A31870-D8CE-4449-8C23-B37BD1B1178B}"
EndProject
Project("{FAE04EC0-301F-11D3-BF4B-00C04F79EFBC}") = "Chapter4", "Chapter4\Chapter4.csproj", "{92A911B1-3FF5-4C28-BD8B-A7C3297D4983}"
EndProject
Project("{FAE04EC0-301F-11D3-BF4B-00C04F79EFBC}") = "Chapter5", "Chapter5\Chapter5.csproj", "{365EB729-8F09-4C10-88E8-686EE2F4E54E}"
EndProject
Project("{FAE04EC0-301F-11D3-BF4B-00C04F79EFBC}") = "Chapter6", "Chapter6\Chapter6.csproj", "{CADA2DF0-37FB-4914-A00E-15F788E50AC0}"
EndProject
Project("{FAE04EC0-301F-11D3-BF4B-00C04F79EFBC}") = "Chapter7", "Chapter7\Chapter7.csproj", "{B2C013A5-03D3-4056-B50D-AE9DB7690E33}"
EndProject
Project("{FAE04EC0-301F-11D3-BF4B-00C04F79EFBC}") = "SendMailApp", "SendMailApp\SendMailApp.csproj", "{8716DB95-43FC-4FEE-95EF-6011D8086134}"
EndProject
Global
	GlobalSection(SolutionConfigurationPlatforms) = preSolution
		Debug|Any CPU = Debug|Any CPU
		Release|Any CPU = Release|Any CPU
	EndGlobalSection
	GlobalSection(ProjectConfigurationPlatforms) = postSolution
		{21A31870-D8CE-4449-8C23-B37BD1B1178B}.Debug|Any CPU.ActiveCfg = Debug|Any CPU
		{21A31870-D8CE-4449-8C23-B37BD1B1178B}.Debug|Any CPU.Build.0 = Debug|Any CPU
		{21A31870-D8CE-4449-8C23-B37BD1B1178B}.Release|Any CPU.ActiveCfg = Release|Any CPU
		{21A31870-D8CE-4449-8C23-B37BD1B1178B}.Release|Any CPU.Build.0 = Release|Any CPU
		{92A911B1-3FF5-4C28-BD8B-A7C3297D4983}.Debug|Any CPU.ActiveCfg = Debug|Any CPU
		{92A911B1-3FF5-4C28-BD8B-A7C3297D4983}.Debug|Any CPU.Build.0 = Debug|Any CPU
		{92A911B1-3FF5-4C28-BD8B-A7C3297D4983}.Release|Any CPU.ActiveCfg = Release|Any CPU
		{92A911B1-3FF5-4C28-BD8B-A7C3297D4983}.Release|Any CPU.Build.0 = Release|Any CPU
		{365EB729-8F09-4C10-88E8-686EE2F4E54E}.Debug|Any CPU.ActiveCfg = Debug|Any CPU
		{365EB729-8F09-4C10-88E8-686EE2F4E54E}.Debug|Any CPU.Build.0 = Debug|Any CPU
		{365EB729-8F09-4C10-88E8-686EE2F4E54E}.Release|Any CPU.ActiveCfg = Release|Any CPU
		{365EB729-8F09-4C10-88E8-686EE2F4E54E}.Release|Any CPU.Build.0 = Release|Any CPU
		{CADA2DF0-37FB-4914-A00E-15F788E50AC0}.Debug|Any CPU.ActiveCfg = Debug|Any CPU
		{CADA2DF0-37FB-4914-A00E-15F788E50AC0}.Debug|Any CPU.Build.0 = Debug|Any CPU
		{CADA2DF0-37FB-4914-A00E-15F788E50AC0}.Release|Any CPU.ActiveCfg = Release|Any CPU
		{CADA2DF0-37FB-4914-A00E-15F788E50AC0}.Release|Any CPU.Build.0 = Release|Any CPU
		{B2C013A5-03D3-4056-B50D-AE9DB7690E33}.Debug|Any CPU.ActiveCfg = Debug|Any CPU
		{B2C013A5-03D3-4056-B50D-AE9DB7690E33}.Debug|Any CPU.Build.0 = Debug|Any CPU
		{B2C013A5-03D3-4056-B50D-AE9DB7690E33}.Release|Any CPU.ActiveCfg = Release|Any CPU
		{B2C013A5-03D3-4056-B50D-AE9DB7690E33}.Release|Any CPU.Build.0 = Release|Any CPU
		{8716DB95-43FC-4FEE-95EF-6011D8086134}.Debug|Any CPU.ActiveCfg = Debug|Any CPU
		{8716DB95-43FC-4FEE-95EF-6011D8086134}.Debug|Any CPU.Build.0 = Debug|Any CPU
		{8716DB95-43FC-4FEE-95EF-6011D8086134}.Release|Any CPU.ActiveCfg = Release|Any CPU
		{8716DB95-43FC-4FEE-95EF-6011D8086134}.Release|Any CPU.Build.0 = Release|Any CPU
	EndGlobalSection
	GlobalSection(SolutionProperties) = preSolution
		HideSolutionNode = FALSE
	EndGlobalSection
	GlobalSection(ExtensibilityGlobals) = postSolution
		SolutionGuid = {EA22E27F-A80D-496A-9B11-F41EAF338E87}
	EndGlobalSection
EndGlobal
